
Microsoft Visual Studio Solution File, Format Version 12.00
# Visual Studio Version 17
VisualStudioVersion = 17.4.33122.133
MinimumVisualStudioVersion = 10.0.40219.1
Project("{FAE04EC0-301F-11D3-BF4B-00C04F79EFBC}") = "Tests", "Tests.csproj", "{858AB74C-EA19-4045-A1D4-C43D82394154}"
EndProject
Project("{FAE04EC0-301F-11D3-BF4B-00C04F79EFBC}") = "BinaryTreeMirroring", "..\BinaryTreeInversion\BinaryTreeMirroring.csproj", "{D822055E-6E95-471D-A00A-AB5E0D9C34EC}"
EndProject
Project("{FAE04EC0-301F-11D3-BF4B-00C04F79EFBC}") = "StringMultiplication", "..\StringMultiplication\StringMultiplication.csproj", "{F6DEC028-8C12-4439-BD4D-0B533F86FBAA}"
EndProject
Global
	GlobalSection(SolutionConfigurationPlatforms) = preSolution
		Debug|Any CPU = Debug|Any CPU
		Release|Any CPU = Release|Any CPU
	EndGlobalSection
	GlobalSection(ProjectConfigurationPlatforms) = postSolution
		{858AB74C-EA19-4045-A1D4-C43D82394154}.Debug|Any CPU.ActiveCfg = Debug|Any CPU
		{858AB74C-EA19-4045-A1D4-C43D82394154}.Debug|Any CPU.Build.0 = Debug|Any CPU
		{858AB74C-EA19-4045-A1D4-C43D82394154}.Release|Any CPU.ActiveCfg = Release|Any CPU
		{858AB74C-EA19-4045-A1D4-C43D82394154}.Release|Any CPU.Build.0 = Release|Any CPU
		{D822055E-6E95-471D-A00A-AB5E0D9C34EC}.Debug|Any CPU.ActiveCfg = Debug|Any CPU
		{D822055E-6E95-471D-A00A-AB5E0D9C34EC}.Debug|Any CPU.Build.0 = Debug|Any CPU
		{D822055E-6E95-471D-A00A-AB5E0D9C34EC}.Release|Any CPU.ActiveCfg = Release|Any CPU
		{D822055E-6E95-471D-A00A-AB5E0D9C34EC}.Release|Any CPU.Build.0 = Release|Any CPU
		{F6DEC028-8C12-4439-BD4D-0B533F86FBAA}.Debug|Any CPU.ActiveCfg = Debug|Any CPU
		{F6DEC028-8C12-4439-BD4D-0B533F86FBAA}.Debug|Any CPU.Build.0 = Debug|Any CPU
		{F6DEC028-8C12-4439-BD4D-0B533F86FBAA}.Release|Any CPU.ActiveCfg = Release|Any CPU
		{F6DEC028-8C12-4439-BD4D-0B533F86FBAA}.Release|Any CPU.Build.0 = Release|Any CPU
	EndGlobalSection
	GlobalSection(SolutionProperties) = preSolution
		HideSolutionNode = FALSE
	EndGlobalSection
	GlobalSection(ExtensibilityGlobals) = postSolution
		SolutionGuid = {48B3A256-6917-4473-A77B-CD3EB63649B3}
	EndGlobalSection
EndGlobal
